// !$*UTF8*$!
{
	archiveVersion = 1;
	classes = {
	};
	objectVersion = 56;
	objects = {

/* Begin PBXBuildFile section */
		3356B1652BFAF28600495326 /* AppDelegate.swift in Sources */ = {isa = PBXBuildFile; fileRef = 3356B1642BFAF28600495326 /* AppDelegate.swift */; };
		3356B1672BFAF28600495326 /* SceneDelegate.swift in Sources */ = {isa = PBXBuildFile; fileRef = 3356B1662BFAF28600495326 /* SceneDelegate.swift */; };
		3356B1692BFAF28600495326 /* QuestionViewController.swift in Sources */ = {isa = PBXBuildFile; fileRef = 3356B1682BFAF28600495326 /* QuestionViewController.swift */; };
		3356B16C2BFAF28600495326 /* Base in Resources */ = {isa = PBXBuildFile; fileRef = 3356B16B2BFAF28600495326 /* Base */; };
		3356B16E2BFAF28700495326 /* Assets.xcassets in Resources */ = {isa = PBXBuildFile; fileRef = 3356B16D2BFAF28700495326 /* Assets.xcassets */; };
		3356B1712BFAF28700495326 /* Base in Resources */ = {isa = PBXBuildFile; fileRef = 3356B1702BFAF28700495326 /* Base */; };
		3356B17A2BFAF2D500495326 /* APIManager.swift in Sources */ = {isa = PBXBuildFile; fileRef = 3356B1792BFAF2D500495326 /* APIManager.swift */; };
		3356B17D2BFAF53F00495326 /* Question.swift in Sources */ = {isa = PBXBuildFile; fileRef = 3356B17C2BFAF53F00495326 /* Question.swift */; };
		3356B17F2BFAF9B000495326 /* Result.swift in Sources */ = {isa = PBXBuildFile; fileRef = 3356B17E2BFAF9B000495326 /* Result.swift */; };
		3356B1882BFB009B00495326 /* QuestionPresenter.swift in Sources */ = {isa = PBXBuildFile; fileRef = 3356B1872BFB009B00495326 /* QuestionPresenter.swift */; };
		3356B18A2BFB033600495326 /* QuestionButton.swift in Sources */ = {isa = PBXBuildFile; fileRef = 3356B1892BFB033600495326 /* QuestionButton.swift */; };
/* End PBXBuildFile section */

/* Begin PBXFileReference section */
		3356B1612BFAF28600495326 /* DynamicForm.app */ = {isa = PBXFileReference; explicitFileType = wrapper.application; includeInIndex = 0; path = DynamicForm.app; sourceTree = BUILT_PRODUCTS_DIR; };
		3356B1642BFAF28600495326 /* AppDelegate.swift */ = {isa = PBXFileReference; lastKnownFileType = sourcecode.swift; path = AppDelegate.swift; sourceTree = "<group>"; };
		3356B1662BFAF28600495326 /* SceneDelegate.swift */ = {isa = PBXFileReference; lastKnownFileType = sourcecode.swift; path = SceneDelegate.swift; sourceTree = "<group>"; };
		3356B1682BFAF28600495326 /* QuestionViewController.swift */ = {isa = PBXFileReference; lastKnownFileType = sourcecode.swift; path = QuestionViewController.swift; sourceTree = "<group>"; };
		3356B16B2BFAF28600495326 /* Base */ = {isa = PBXFileReference; lastKnownFileType = file.storyboard; name = Base; path = Base.lproj/Main.storyboard; sourceTree = "<group>"; };
		3356B16D2BFAF28700495326 /* Assets.xcassets */ = {isa = PBXFileReference; lastKnownFileType = folder.assetcatalog; path = Assets.xcassets; sourceTree = "<group>"; };
		3356B1702BFAF28700495326 /* Base */ = {isa = PBXFileReference; lastKnownFileType = file.storyboard; name = Base; path = Base.lproj/LaunchScreen.storyboard; sourceTree = "<group>"; };
		3356B1722BFAF28700495326 /* Info.plist */ = {isa = PBXFileReference; lastKnownFileType = text.plist.xml; path = Info.plist; sourceTree = "<group>"; };
		3356B1792BFAF2D500495326 /* APIManager.swift */ = {isa = PBXFileReference; lastKnownFileType = sourcecode.swift; path = APIManager.swift; sourceTree = "<group>"; };
		3356B17C2BFAF53F00495326 /* Question.swift */ = {isa = PBXFileReference; lastKnownFileType = sourcecode.swift; path = Question.swift; sourceTree = "<group>"; };
		3356B17E2BFAF9B000495326 /* Result.swift */ = {isa = PBXFileReference; lastKnownFileType = sourcecode.swift; path = Result.swift; sourceTree = "<group>"; };
		3356B1872BFB009B00495326 /* QuestionPresenter.swift */ = {isa = PBXFileReference; lastKnownFileType = sourcecode.swift; path = QuestionPresenter.swift; sourceTree = "<group>"; };
		3356B1892BFB033600495326 /* QuestionButton.swift */ = {isa = PBXFileReference; lastKnownFileType = sourcecode.swift; path = QuestionButton.swift; sourceTree = "<group>"; };
/* End PBXFileReference section */

/* Begin PBXFrameworksBuildPhase section */
		3356B15E2BFAF28600495326 /* Frameworks */ = {
			isa = PBXFrameworksBuildPhase;
			buildActionMask = 2147483647;
			files = (
			);
			runOnlyForDeploymentPostprocessing = 0;
		};
/* End PBXFrameworksBuildPhase section */

/* Begin PBXGroup section */
		3356B1582BFAF28600495326 = {
			isa = PBXGroup;
			children = (
				3356B1632BFAF28600495326 /* DynamicForm */,
				3356B1622BFAF28600495326 /* Products */,
			);
			sourceTree = "<group>";
		};
		3356B1622BFAF28600495326 /* Products */ = {
			isa = PBXGroup;
			children = (
				3356B1612BFAF28600495326 /* DynamicForm.app */,
			);
			name = Products;
			sourceTree = "<group>";
		};
		3356B1632BFAF28600495326 /* DynamicForm */ = {
			isa = PBXGroup;
			children = (
				3356B1862BFB008B00495326 /* Question View */,
				3356B17B2BFAF53300495326 /* Models */,
				3356B1782BFAF2BD00495326 /* Managers */,
				3356B1642BFAF28600495326 /* AppDelegate.swift */,
				3356B1662BFAF28600495326 /* SceneDelegate.swift */,
				3356B16A2BFAF28600495326 /* Main.storyboard */,
				3356B16D2BFAF28700495326 /* Assets.xcassets */,
				3356B16F2BFAF28700495326 /* LaunchScreen.storyboard */,
				3356B1722BFAF28700495326 /* Info.plist */,
			);
			path = DynamicForm;
			sourceTree = "<group>";
		};
		3356B1782BFAF2BD00495326 /* Managers */ = {
			isa = PBXGroup;
			children = (
				3356B1792BFAF2D500495326 /* APIManager.swift */,
			);
			path = Managers;
			sourceTree = "<group>";
		};
		3356B17B2BFAF53300495326 /* Models */ = {
			isa = PBXGroup;
			children = (
				3356B17C2BFAF53F00495326 /* Question.swift */,
				3356B17E2BFAF9B000495326 /* Result.swift */,
			);
			path = Models;
			sourceTree = "<group>";
		};
		3356B1862BFB008B00495326 /* Question View */ = {
			isa = PBXGroup;
			children = (
				3356B1682BFAF28600495326 /* QuestionViewController.swift */,
				3356B1872BFB009B00495326 /* QuestionPresenter.swift */,
				3356B1892BFB033600495326 /* QuestionButton.swift */,
			);
			path = "Question View";
			sourceTree = "<group>";
		};
/* End PBXGroup section */

/* Begin PBXNativeTarget section */
		3356B1602BFAF28600495326 /* DynamicForm */ = {
			isa = PBXNativeTarget;
			buildConfigurationList = 3356B1752BFAF28700495326 /* Build configuration list for PBXNativeTarget "DynamicForm" */;
			buildPhases = (
				3356B15D2BFAF28600495326 /* Sources */,
				3356B15E2BFAF28600495326 /* Frameworks */,
				3356B15F2BFAF28600495326 /* Resources */,
			);
			buildRules = (
			);
			dependencies = (
			);
			name = DynamicForm;
			productName = DynamicForm;
			productReference = 3356B1612BFAF28600495326 /* DynamicForm.app */;
			productType = "com.apple.product-type.application";
		};
/* End PBXNativeTarget section */

/* Begin PBXProject section */
		3356B1592BFAF28600495326 /* Project object */ = {
			isa = PBXProject;
			attributes = {
				BuildIndependentTargetsInParallel = 1;
				LastSwiftUpdateCheck = 1540;
				LastUpgradeCheck = 1540;
				TargetAttributes = {
					3356B1602BFAF28600495326 = {
						CreatedOnToolsVersion = 15.4;
					};
				};
			};
			buildConfigurationList = 3356B15C2BFAF28600495326 /* Build configuration list for PBXProject "DynamicForm" */;
			compatibilityVersion = "Xcode 14.0";
			developmentRegion = en;
			hasScannedForEncodings = 0;
			knownRegions = (
				en,
				Base,
			);
			mainGroup = 3356B1582BFAF28600495326;
			productRefGroup = 3356B1622BFAF28600495326 /* Products */;
			projectDirPath = "";
			projectRoot = "";
			targets = (
				3356B1602BFAF28600495326 /* DynamicForm */,
			);
		};
/* End PBXProject section */

/* Begin PBXResourcesBuildPhase section */
		3356B15F2BFAF28600495326 /* Resources */ = {
			isa = PBXResourcesBuildPhase;
			buildActionMask = 2147483647;
			files = (
				3356B16E2BFAF28700495326 /* Assets.xcassets in Resources */,
				3356B1712BFAF28700495326 /* Base in Resources */,
				3356B16C2BFAF28600495326 /* Base in Resources */,
			);
			runOnlyForDeploymentPostprocessing = 0;
		};
/* End PBXResourcesBuildPhase section */

/* Begin PBXSourcesBuildPhase section */
		3356B15D2BFAF28600495326 /* Sources */ = {
			isa = PBXSourcesBuildPhase;
			buildActionMask = 2147483647;
			files = (
				3356B17F2BFAF9B000495326 /* Result.swift in Sources */,
				3356B17D2BFAF53F00495326 /* Question.swift in Sources */,
				3356B1882BFB009B00495326 /* QuestionPresenter.swift in Sources */,
				3356B17A2BFAF2D500495326 /* APIManager.swift in Sources */,
				3356B18A2BFB033600495326 /* QuestionButton.swift in Sources */,
				3356B1692BFAF28600495326 /* QuestionViewController.swift in Sources */,
				3356B1652BFAF28600495326 /* AppDelegate.swift in Sources */,
				3356B1672BFAF28600495326 /* SceneDelegate.swift in Sources */,
			);
			runOnlyForDeploymentPostprocessing = 0;
		};
/* End PBXSourcesBuildPhase section */

/* Begin PBXVariantGroup section */
		3356B16A2BFAF28600495326 /* Main.storyboard */ = {
			isa = PBXVariantGroup;
			children = (
				3356B16B2BFAF28600495326 /* Base */,
			);
			name = Main.storyboard;
			sourceTree = "<group>";
		};
		3356B16F2BFAF28700495326 /* LaunchScreen.storyboard */ = {
			isa = PBXVariantGroup;
			children = (
				3356B1702BFAF28700495326 /* Base */,
			);
			name = LaunchScreen.storyboard;
			sourceTree = "<group>";
		};
/* End PBXVariantGroup section */

/* Begin XCBuildConfiguration section */
		3356B1732BFAF28700495326 /* Debug */ = {
			isa = XCBuildConfiguration;
			buildSettings = {
				ALWAYS_SEARCH_USER_PATHS = NO;
				ASSETCATALOG_COMPILER_GENERATE_SWIFT_ASSET_SYMBOL_EXTENSIONS = YES;
				CLANG_ANALYZER_NONNULL = YES;
				CLANG_ANALYZER_NUMBER_OBJECT_CONVERSION = YES_AGGRESSIVE;
				CLANG_CXX_LANGUAGE_STANDARD = "gnu++20";
				CLANG_ENABLE_MODULES = YES;
				CLANG_ENABLE_OBJC_ARC = YES;
				CLANG_ENABLE_OBJC_WEAK = YES;
				CLANG_WARN_BLOCK_CAPTURE_AUTORELEASING = YES;
				CLANG_WARN_BOOL_CONVERSION = YES;
				CLANG_WARN_COMMA = YES;
				CLANG_WARN_CONSTANT_CONVERSION = YES;
				CLANG_WARN_DEPRECATED_OBJC_IMPLEMENTATIONS = YES;
				CLANG_WARN_DIRECT_OBJC_ISA_USAGE = YES_ERROR;
				CLANG_WARN_DOCUMENTATION_COMMENTS = YES;
				CLANG_WARN_EMPTY_BODY = YES;
				CLANG_WARN_ENUM_CONVERSION = YES;
				CLANG_WARN_INFINITE_RECURSION = YES;
				CLANG_WARN_INT_CONVERSION = YES;
				CLANG_WARN_NON_LITERAL_NULL_CONVERSION = YES;
				CLANG_WARN_OBJC_IMPLICIT_RETAIN_SELF = YES;
				CLANG_WARN_OBJC_LITERAL_CONVERSION = YES;
				CLANG_WARN_OBJC_ROOT_CLASS = YES_ERROR;
				CLANG_WARN_QUOTED_INCLUDE_IN_FRAMEWORK_HEADER = YES;
				CLANG_WARN_RANGE_LOOP_ANALYSIS = YES;
				CLANG_WARN_STRICT_PROTOTYPES = YES;
				CLANG_WARN_SUSPICIOUS_MOVE = YES;
				CLANG_WARN_UNGUARDED_AVAILABILITY = YES_AGGRESSIVE;
				CLANG_WARN_UNREACHABLE_CODE = YES;
				CLANG_WARN__DUPLICATE_METHOD_MATCH = YES;
				COPY_PHASE_STRIP = NO;
				DEBUG_INFORMATION_FORMAT = dwarf;
				ENABLE_STRICT_OBJC_MSGSEND = YES;
				ENABLE_TESTABILITY = YES;
				ENABLE_USER_SCRIPT_SANDBOXING = YES;
				GCC_C_LANGUAGE_STANDARD = gnu17;
				GCC_DYNAMIC_NO_PIC = NO;
				GCC_NO_COMMON_BLOCKS = YES;
				GCC_OPTIMIZATION_LEVEL = 0;
				GCC_PREPROCESSOR_DEFINITIONS = (
					"DEBUG=1",
					"$(inherited)",
				);
				GCC_WARN_64_TO_32_BIT_CONVERSION = YES;
				GCC_WARN_ABOUT_RETURN_TYPE = YES_ERROR;
				GCC_WARN_UNDECLARED_SELECTOR = YES;
				GCC_WARN_UNINITIALIZED_AUTOS = YES_AGGRESSIVE;
				GCC_WARN_UNUSED_FUNCTION = YES;
				GCC_WARN_UNUSED_VARIABLE = YES;
				IPHONEOS_DEPLOYMENT_TARGET = 17.5;
				LOCALIZATION_PREFERS_STRING_CATALOGS = YES;
				MTL_ENABLE_DEBUG_INFO = INCLUDE_SOURCE;
				MTL_FAST_MATH = YES;
				ONLY_ACTIVE_ARCH = YES;
				SDKROOT = iphoneos;
				SWIFT_ACTIVE_COMPILATION_CONDITIONS = "DEBUG $(inherited)";
				SWIFT_OPTIMIZATION_LEVEL = "-Onone";
			};
			name = Debug;
		};
		3356B1742BFAF28700495326 /* Release */ = {
			isa = XCBuildConfiguration;
			buildSettings = {
				ALWAYS_SEARCH_USER_PATHS = NO;
				ASSETCATALOG_COMPILER_GENERATE_SWIFT_ASSET_SYMBOL_EXTENSIONS = YES;
				CLANG_ANALYZER_NONNULL = YES;
				CLANG_ANALYZER_NUMBER_OBJECT_CONVERSION = YES_AGGRESSIVE;
				CLANG_CXX_LANGUAGE_STANDARD = "gnu++20";
				CLANG_ENABLE_MODULES = YES;
				CLANG_ENABLE_OBJC_ARC = YES;
				CLANG_ENABLE_OBJC_WEAK = YES;
				CLANG_WARN_BLOCK_CAPTURE_AUTORELEASING = YES;
				CLANG_WARN_BOOL_CONVERSION = YES;
				CLANG_WARN_COMMA = YES;
				CLANG_WARN_CONSTANT_CONVERSION = YES;
				CLANG_WARN_DEPRECATED_OBJC_IMPLEMENTATIONS = YES;
				CLANG_WARN_DIRECT_OBJC_ISA_USAGE = YES_ERROR;
				CLANG_WARN_DOCUMENTATION_COMMENTS = YES;
				CLANG_WARN_EMPTY_BODY = YES;
				CLANG_WARN_ENUM_CONVERSION = YES;
				CLANG_WARN_INFINITE_RECURSION = YES;
				CLANG_WARN_INT_CONVERSION = YES;
				CLANG_WARN_NON_LITERAL_NULL_CONVERSION = YES;
				CLANG_WARN_OBJC_IMPLICIT_RETAIN_SELF = YES;
				CLANG_WARN_OBJC_LITERAL_CONVERSION = YES;
				CLANG_WARN_OBJC_ROOT_CLASS = YES_ERROR;
				CLANG_WARN_QUOTED_INCLUDE_IN_FRAMEWORK_HEADER = YES;
				CLANG_WARN_RANGE_LOOP_ANALYSIS = YES;
				CLANG_WARN_STRICT_PROTOTYPES = YES;
				CLANG_WARN_SUSPICIOUS_MOVE = YES;
				CLANG_WARN_UNGUARDED_AVAILABILITY = YES_AGGRESSIVE;
				CLANG_WARN_UNREACHABLE_CODE = YES;
				CLANG_WARN__DUPLICATE_METHOD_MATCH = YES;
				COPY_PHASE_STRIP = NO;
				DEBUG_INFORMATION_FORMAT = "dwarf-with-dsym";
				ENABLE_NS_ASSERTIONS = NO;
				ENABLE_STRICT_OBJC_MSGSEND = YES;
				ENABLE_USER_SCRIPT_SANDBOXING = YES;
				GCC_C_LANGUAGE_STANDARD = gnu17;
				GCC_NO_COMMON_BLOCKS = YES;
				GCC_WARN_64_TO_32_BIT_CONVERSION = YES;
				GCC_WARN_ABOUT_RETURN_TYPE = YES_ERROR;
				GCC_WARN_UNDECLARED_SELECTOR = YES;
				GCC_WARN_UNINITIALIZED_AUTOS = YES_AGGRESSIVE;
				GCC_WARN_UNUSED_FUNCTION = YES;
				GCC_WARN_UNUSED_VARIABLE = YES;
				IPHONEOS_DEPLOYMENT_TARGET = 17.5;
				LOCALIZATION_PREFERS_STRING_CATALOGS = YES;
				MTL_ENABLE_DEBUG_INFO = NO;
				MTL_FAST_MATH = YES;
				SDKROOT = iphoneos;
				SWIFT_COMPILATION_MODE = wholemodule;
				VALIDATE_PRODUCT = YES;
			};
			name = Release;
		};
		3356B1762BFAF28700495326 /* Debug */ = {
			isa = XCBuildConfiguration;
			buildSettings = {
				ASSETCATALOG_COMPILER_APPICON_NAME = AppIcon;
				ASSETCATALOG_COMPILER_GLOBAL_ACCENT_COLOR_NAME = AccentColor;
				CODE_SIGN_STYLE = Automatic;
				CURRENT_PROJECT_VERSION = 1;
				DEVELOPMENT_TEAM = P742UJ7363;
				GENERATE_INFOPLIST_FILE = YES;
				INFOPLIST_FILE = DynamicForm/Info.plist;
				INFOPLIST_KEY_UIApplicationSupportsIndirectInputEvents = YES;
				INFOPLIST_KEY_UILaunchStoryboardName = LaunchScreen;
				INFOPLIST_KEY_UIMainStoryboardFile = Main;
				INFOPLIST_KEY_UISupportedInterfaceOrientations_iPad = "UIInterfaceOrientationPortrait UIInterfaceOrientationPortraitUpsideDown UIInterfaceOrientationLandscapeLeft UIInterfaceOrientationLandscapeRight";
				INFOPLIST_KEY_UISupportedInterfaceOrientations_iPhone = "UIInterfaceOrientationPortrait UIInterfaceOrientationLandscapeLeft UIInterfaceOrientationLandscapeRight";
				LD_RUNPATH_SEARCH_PATHS = (
					"$(inherited)",
					"@executable_path/Frameworks",
				);
				MARKETING_VERSION = 1.0;
				PRODUCT_BUNDLE_IDENTIFIER = user.jess.DynamicForm;
				PRODUCT_NAME = "$(TARGET_NAME)";
				SWIFT_EMIT_LOC_STRINGS = YES;
				SWIFT_VERSION = 5.0;
				TARGETED_DEVICE_FAMILY = "1,2";
			};
			name = Debug;
		};
		3356B1772BFAF28700495326 /* Release */ = {
			isa = XCBuildConfiguration;
			buildSettings = {
				ASSETCATALOG_COMPILER_APPICON_NAME = AppIcon;
				ASSETCATALOG_COMPILER_GLOBAL_ACCENT_COLOR_NAME = AccentColor;
				CODE_SIGN_STYLE = Automatic;
				CURRENT_PROJECT_VERSION = 1;
				DEVELOPMENT_TEAM = P742UJ7363;
				GENERATE_INFOPLIST_FILE = YES;
				INFOPLIST_FILE = DynamicForm/Info.plist;
				INFOPLIST_KEY_UIApplicationSupportsIndirectInputEvents = YES;
				INFOPLIST_KEY_UILaunchStoryboardName = LaunchScreen;
				INFOPLIST_KEY_UIMainStoryboardFile = Main;
				INFOPLIST_KEY_UISupportedInterfaceOrientations_iPad = "UIInterfaceOrientationPortrait UIInterfaceOrientationPortraitUpsideDown UIInterfaceOrientationLandscapeLeft UIInterfaceOrientationLandscapeRight";
				INFOPLIST_KEY_UISupportedInterfaceOrientations_iPhone = "UIInterfaceOrientationPortrait UIInterfaceOrientationLandscapeLeft UIInterfaceOrientationLandscapeRight";
				LD_RUNPATH_SEARCH_PATHS = (
					"$(inherited)",
					"@executable_path/Frameworks",
				);
				MARKETING_VERSION = 1.0;
				PRODUCT_BUNDLE_IDENTIFIER = user.jess.DynamicForm;
				PRODUCT_NAME = "$(TARGET_NAME)";
				SWIFT_EMIT_LOC_STRINGS = YES;
				SWIFT_VERSION = 5.0;
				TARGETED_DEVICE_FAMILY = "1,2";
			};
			name = Release;
		};
/* End XCBuildConfiguration section */

/* Begin XCConfigurationList section */
		3356B15C2BFAF28600495326 /* Build configuration list for PBXProject "DynamicForm" */ = {
			isa = XCConfigurationList;
			buildConfigurations = (
				3356B1732BFAF28700495326 /* Debug */,
				3356B1742BFAF28700495326 /* Release */,
			);
			defaultConfigurationIsVisible = 0;
			defaultConfigurationName = Release;
		};
		3356B1752BFAF28700495326 /* Build configuration list for PBXNativeTarget "DynamicForm" */ = {
			isa = XCConfigurationList;
			buildConfigurations = (
				3356B1762BFAF28700495326 /* Debug */,
				3356B1772BFAF28700495326 /* Release */,
			);
			defaultConfigurationIsVisible = 0;
			defaultConfigurationName = Release;
		};
/* End XCConfigurationList section */
	};
	rootObject = 3356B1592BFAF28600495326 /* Project object */;
}
